
Microsoft Visual Studio Solution File, Format Version 12.00
# Visual Studio Version 16
VisualStudioVersion = 16.0.31729.503
MinimumVisualStudioVersion = 10.0.40219.1
Project("{9A19103F-16F7-4668-BE54-9A1E7A4F7556}") = "OpenMnWeather", "OpenMnWeather\OpenMnWeather.csproj", "{2A60F6E1-2B68-47A3-B44D-82C67409E3D7}"
EndProject
Global
	GlobalSection(SolutionConfigurationPlatforms) = preSolution
		Debug|Any CPU = Debug|Any CPU
		Release|Any CPU = Release|Any CPU
	EndGlobalSection
	GlobalSection(ProjectConfigurationPlatforms) = postSolution
		{2A60F6E1-2B68-47A3-B44D-82C67409E3D7}.Debug|Any CPU.ActiveCfg = Debug|Any CPU
		{2A60F6E1-2B68-47A3-B44D-82C67409E3D7}.Debug|Any CPU.Build.0 = Debug|Any CPU
		{2A60F6E1-2B68-47A3-B44D-82C67409E3D7}.Release|Any CPU.ActiveCfg = Release|Any CPU
		{2A60F6E1-2B68-47A3-B44D-82C67409E3D7}.Release|Any CPU.Build.0 = Release|Any CPU
	EndGlobalSection
	GlobalSection(SolutionProperties) = preSolution
		HideSolutionNode = FALSE
	EndGlobalSection
	GlobalSection(ExtensibilityGlobals) = postSolution
		SolutionGuid = {19341457-243F-440A-AB85-EA1D80536E00}
	EndGlobalSection
EndGlobal
